
Microsoft Visual Studio Solution File, Format Version 12.00
# Visual Studio Version 17
VisualStudioVersion = 17.5.33530.505
MinimumVisualStudioVersion = 10.0.40219.1
Project("{8BC9CEB8-8B4A-11D0-8D11-00A0C91BC942}") = "Exercise", "Exercise\Exercise.vcxproj", "{D9472CDD-1020-4779-9B12-5E358FD02E30}"
	ProjectSection(ProjectDependencies) = postProject
		{AA2CDE54-891F-4E1A-AB28-D12FD8373FE6} = {AA2CDE54-891F-4E1A-AB28-D12FD8373FE6}
	EndProjectSection
EndProject
Project("{8BC9CEB8-8B4A-11D0-8D11-00A0C91BC942}") = "LeetCode", "LeetCode\LeetCode.vcxproj", "{AA2CDE54-891F-4E1A-AB28-D12FD8373FE6}"
EndProject
Project("{2150E333-8FDC-42A3-9474-1A3956D46DE8}") = "Solution Items", "Solution Items", "{25F4ACCF-36DB-48F3-805C-BC9D5BED616F}"
EndProject
Project("{2150E333-8FDC-42A3-9474-1A3956D46DE8}") = "SQL", "SQL", "{8497F651-D980-4F7F-BA1B-0F3D59950B04}"
	ProjectSection(SolutionItems) = preProject
		SQL\LeetCode1045.sql = SQL\LeetCode1045.sql
		SQL\LeetCode1050.sql = SQL\LeetCode1050.sql
		SQL\LeetCode1068.sql = SQL\LeetCode1068.sql
		SQL\LeetCode1069.sql = SQL\LeetCode1069.sql
		SQL\LeetCode1070.sql = SQL\LeetCode1070.sql
		SQL\LeetCode1075.sql = SQL\LeetCode1075.sql
		SQL\LeetCode1076.sql = SQL\LeetCode1076.sql
		SQL\LeetCode1077.sql = SQL\LeetCode1077.sql
		SQL\LeetCode1082.sql = SQL\LeetCode1082.sql
		SQL\LeetCode1083.sql = SQL\LeetCode1083.sql
		SQL\LeetCode1084.sql = SQL\LeetCode1084.sql
		SQL\LeetCode1097.sql = SQL\LeetCode1097.sql
		SQL\LeetCode1098.sql = SQL\LeetCode1098.sql
		SQL\LeetCode1107.sql = SQL\LeetCode1107.sql
		SQL\LeetCode1112.sql = SQL\LeetCode1112.sql
		SQL\LeetCode1113.sql = SQL\LeetCode1113.sql
		SQL\LeetCode1126.sql = SQL\LeetCode1126.sql
		SQL\LeetCode1127.sql = SQL\LeetCode1127.sql
		SQL\LeetCode1132.sql = SQL\LeetCode1132.sql
		SQL\LeetCode1141.sql = SQL\LeetCode1141.sql
		SQL\LeetCode1142.sql = SQL\LeetCode1142.sql
		SQL\LeetCode1148.sql = SQL\LeetCode1148.sql
		SQL\LeetCode1149.sql = SQL\LeetCode1149.sql
		SQL\LeetCode1158.sql = SQL\LeetCode1158.sql
		SQL\LeetCode1159.sql = SQL\LeetCode1159.sql
		SQL\LeetCode1164.sql = SQL\LeetCode1164.sql
		SQL\LeetCode1173.sql = SQL\LeetCode1173.sql
		SQL\LeetCode1174.sql = SQL\LeetCode1174.sql
		SQL\LeetCode1179.sql = SQL\LeetCode1179.sql
		SQL\LeetCode1193.sql = SQL\LeetCode1193.sql
		SQL\LeetCode1194.sql = SQL\LeetCode1194.sql
		SQL\LeetCode1204.sql = SQL\LeetCode1204.sql
		SQL\LeetCode1205.sql = SQL\LeetCode1205.sql
		SQL\LeetCode1211.sql = SQL\LeetCode1211.sql
		SQL\LeetCode1212.sql = SQL\LeetCode1212.sql
		SQL\LeetCode1225.sql = SQL\LeetCode1225.sql
		SQL\LeetCode1241.sql = SQL\LeetCode1241.sql
		SQL\LeetCode1251.sql = SQL\LeetCode1251.sql
		SQL\LeetCode1264.sql = SQL\LeetCode1264.sql
		SQL\LeetCode1270.sql = SQL\LeetCode1270.sql
		SQL\LeetCode1280.sql = SQL\LeetCode1280.sql
		SQL\LeetCode1285.sql = SQL\LeetCode1285.sql
		SQL\LeetCode1294.sql = SQL\LeetCode1294.sql
		SQL\LeetCode1303.sql = SQL\LeetCode1303.sql
		SQL\LeetCode1308.sql = SQL\LeetCode1308.sql
		SQL\LeetCode1321.sql = SQL\LeetCode1321.sql
		SQL\LeetCode1322.sql = SQL\LeetCode1322.sql
		SQL\LeetCode1327.sql = SQL\LeetCode1327.sql
		SQL\LeetCode1336.sql = SQL\LeetCode1336.sql
		SQL\LeetCode1341.sql = SQL\LeetCode1341.sql
		SQL\LeetCode1350.sql = SQL\LeetCode1350.sql
		SQL\LeetCode1355.sql = SQL\LeetCode1355.sql
		SQL\LeetCode1364.sql = SQL\LeetCode1364.sql
		SQL\LeetCode1369.sql = SQL\LeetCode1369.sql
		SQL\LeetCode1378.sql = SQL\LeetCode1378.sql
		SQL\LeetCode1384.sql = SQL\LeetCode1384.sql
		SQL\LeetCode1393.sql = SQL\LeetCode1393.sql
		SQL\LeetCode1398.sql = SQL\LeetCode1398.sql
		SQL\LeetCode1407.sql = SQL\LeetCode1407.sql
		SQL\LeetCode1412.sql = SQL\LeetCode1412.sql
		SQL\LeetCode1421.sql = SQL\LeetCode1421.sql
		SQL\LeetCode1435.sql = SQL\LeetCode1435.sql
		SQL\LeetCode1440.sql = SQL\LeetCode1440.sql
		SQL\LeetCode1445.sql = SQL\LeetCode1445.sql
		SQL\LeetCode1454.sql = SQL\LeetCode1454.sql
		SQL\LeetCode1459.sql = SQL\LeetCode1459.sql
		SQL\LeetCode1468.sql = SQL\LeetCode1468.sql
		SQL\LeetCode1479.sql = SQL\LeetCode1479.sql
		SQL\LeetCode1484.sql = SQL\LeetCode1484.sql
		SQL\LeetCode1495.sql = SQL\LeetCode1495.sql
		SQL\LeetCode1501.sql = SQL\LeetCode1501.sql
		SQL\LeetCode1511.sql = SQL\LeetCode1511.sql
		SQL\LeetCode1517.sql = SQL\LeetCode1517.sql
		SQL\LeetCode1527.sql = SQL\LeetCode1527.sql
		SQL\LeetCode1532.sql = SQL\LeetCode1532.sql
		SQL\LeetCode1543.sql = SQL\LeetCode1543.sql
		SQL\LeetCode1549.sql = SQL\LeetCode1549.sql
		SQL\LeetCode1555.sql = SQL\LeetCode1555.sql
		SQL\LeetCode1565.sql = SQL\LeetCode1565.sql
		SQL\LeetCode1571.sql = SQL\LeetCode1571.sql
		SQL\LeetCode1581.sql = SQL\LeetCode1581.sql
		SQL\LeetCode1587.sql = SQL\LeetCode1587.sql
		SQL\LeetCode1596.sql = SQL\LeetCode1596.sql
		SQL\LeetCode1607.sql = SQL\LeetCode1607.sql
		SQL\LeetCode1613.sql = SQL\LeetCode1613.sql
		SQL\LeetCode1623.sql = SQL\LeetCode1623.sql
		SQL\LeetCode1633.sql = SQL\LeetCode1633.sql
		SQL\LeetCode1635.sql = SQL\LeetCode1635.sql
		SQL\LeetCode1645.sql = SQL\LeetCode1645.sql
		SQL\LeetCode1651.sql = SQL\LeetCode1651.sql
		SQL\LeetCode1661.sql = SQL\LeetCode1661.sql
		SQL\LeetCode1667.sql = SQL\LeetCode1667.sql
		SQL\LeetCode1677.sql = SQL\LeetCode1677.sql
		SQL\LeetCode1683.sql = SQL\LeetCode1683.sql
		SQL\LeetCode1693.sql = SQL\LeetCode1693.sql
		SQL\LeetCode1699.sql = SQL\LeetCode1699.sql
		SQL\LeetCode1709.sql = SQL\LeetCode1709.sql
		SQL\LeetCode1715.sql = SQL\LeetCode1715.sql
		SQL\LeetCode1729.sql = SQL\LeetCode1729.sql
		SQL\LeetCode1731.sql = SQL\LeetCode1731.sql
		SQL\LeetCode1741.sql = SQL\LeetCode1741.sql
		SQL\LeetCode1747.sql = SQL\LeetCode1747.sql
		SQL\LeetCode175.sql = SQL\LeetCode175.sql
		SQL\LeetCode1757.sql = SQL\LeetCode1757.sql
		SQL\LeetCode176.sql = SQL\LeetCode176.sql
		SQL\LeetCode1767.sql = SQL\LeetCode1767.sql
		SQL\LeetCode177.sql = SQL\LeetCode177.sql
		SQL\LeetCode1777.sql = SQL\LeetCode1777.sql
		SQL\LeetCode178.sql = SQL\LeetCode178.sql
		SQL\LeetCode1783.sql = SQL\LeetCode1783.sql
		SQL\LeetCode1789.sql = SQL\LeetCode1789.sql
		SQL\LeetCode1795.sql = SQL\LeetCode1795.sql
		SQL\LeetCode180.sql = SQL\LeetCode180.sql
		SQL\LeetCode1809.sql = SQL\LeetCode1809.sql
		SQL\LeetCode181.sql = SQL\LeetCode181.sql
		SQL\LeetCode1811.sql = SQL\LeetCode1811.sql
		SQL\LeetCode182.sql = SQL\LeetCode182.sql
		SQL\LeetCode1821.sql = SQL\LeetCode1821.sql
		SQL\LeetCode183.sql = SQL\LeetCode183.sql
		SQL\LeetCode1831.sql = SQL\LeetCode1831.sql
		SQL\LeetCode184.sql = SQL\LeetCode184.sql
		SQL\LeetCode1841.sql = SQL\LeetCode1841.sql
		SQL\LeetCode1843.sql = SQL\LeetCode1843.sql
		SQL\LeetCode185.sql = SQL\LeetCode185.sql
		SQL\LeetCode1853.sql = SQL\LeetCode1853.sql
		SQL\LeetCode1867.sql = SQL\LeetCode1867.sql
		SQL\LeetCode1873.sql = SQL\LeetCode1873.sql
		SQL\LeetCode1875.sql = SQL\LeetCode1875.sql
		SQL\LeetCode1890.sql = SQL\LeetCode1890.sql
		SQL\LeetCode1892.sql = SQL\LeetCode1892.sql
		SQL\LeetCode1907.sql = SQL\LeetCode1907.sql
		SQL\LeetCode1917.sql = SQL\LeetCode1917.sql
		SQL\LeetCode1919.sql = SQL\LeetCode1919.sql
		SQL\LeetCode1934.sql = SQL\LeetCode1934.sql
		SQL\LeetCode1939.sql = SQL\LeetCode1939.sql
		SQL\LeetCode1949.sql = SQL\LeetCode1949.sql
		SQL\LeetCode1951.sql = SQL\LeetCode1951.sql
		SQL\LeetCode196.sql = SQL\LeetCode196.sql
		SQL\LeetCode1965.sql = SQL\LeetCode1965.sql
		SQL\LeetCode197.sql = SQL\LeetCode197.sql
		SQL\LeetCode1972.sql = SQL\LeetCode1972.sql
		SQL\LeetCode1978.sql = SQL\LeetCode1978.sql
		SQL\LeetCode1988.sql = SQL\LeetCode1988.sql
		SQL\LeetCode1990.sql = SQL\LeetCode1990.sql
		SQL\LeetCode2004.sql = SQL\LeetCode2004.sql
		SQL\LeetCode2010.sql = SQL\LeetCode2010.sql
		SQL\LeetCode2020.sql = SQL\LeetCode2020.sql
		SQL\LeetCode2026.sql = SQL\LeetCode2026.sql
		SQL\LeetCode2041.sql = SQL\LeetCode2041.sql
		SQL\LeetCode2051.sql = SQL\LeetCode2051.sql
		SQL\LeetCode2066.sql = SQL\LeetCode2066.sql
		SQL\LeetCode2072.sql = SQL\LeetCode2072.sql
		SQL\LeetCode2082.sql = SQL\LeetCode2082.sql
		SQL\LeetCode2084.sql = SQL\LeetCode2084.sql
		SQL\LeetCode2112.sql = SQL\LeetCode2112.sql
		SQL\LeetCode2118.sql = SQL\LeetCode2118.sql
		SQL\LeetCode2142.sql = SQL\LeetCode2142.sql
		SQL\LeetCode2153.sql = SQL\LeetCode2153.sql
		SQL\LeetCode2159.sql = SQL\LeetCode2159.sql
		SQL\LeetCode2173.sql = SQL\LeetCode2173.sql
		SQL\LeetCode2175.sql = SQL\LeetCode2175.sql
		SQL\LeetCode2199.sql = SQL\LeetCode2199.sql
		SQL\LeetCode2205.sql = SQL\LeetCode2205.sql
		SQL\LeetCode2228.sql = SQL\LeetCode2228.sql
		SQL\LeetCode2230.sql = SQL\LeetCode2230.sql
		SQL\LeetCode2238.sql = SQL\LeetCode2238.sql
		SQL\LeetCode2252.sql = SQL\LeetCode2252.sql
		SQL\LeetCode2253.sql = SQL\LeetCode2253.sql
		SQL\LeetCode2292.sql = SQL\LeetCode2292.sql
		SQL\LeetCode2298.sql = SQL\LeetCode2298.sql
		SQL\LeetCode2314.sql = SQL\LeetCode2314.sql
		SQL\LeetCode2324.sql = SQL\LeetCode2324.sql
		SQL\LeetCode2329.sql = SQL\LeetCode2329.sql
		SQL\LeetCode2339.sql = SQL\LeetCode2339.sql
		SQL\LeetCode2346.sql = SQL\LeetCode2346.sql
		SQL\LeetCode2356.sql = SQL\LeetCode2356.sql
		SQL\LeetCode2362.sql = SQL\LeetCode2362.sql
		SQL\LeetCode2372.sql = SQL\LeetCode2372.sql
		SQL\LeetCode2377.sql = SQL\LeetCode2377.sql
		SQL\LeetCode2388.sql = SQL\LeetCode2388.sql
		SQL\LeetCode2394.sql = SQL\LeetCode2394.sql
		SQL\LeetCode2480.sql = SQL\LeetCode2480.sql
		SQL\LeetCode262.sql = SQL\LeetCode262.sql
		SQL\LeetCode2668.sql = SQL\LeetCode2668.sql
		SQL\LeetCode2669.sql = SQL\LeetCode2669.sql
		SQL\LeetCode2686.sql = SQL\LeetCode2686.sql
		SQL\LeetCode2687.sql = SQL\LeetCode2687.sql
		SQL\LeetCode2688.sql = SQL\LeetCode2688.sql
		SQL\LeetCode2701.sql = SQL\LeetCode2701.sql
		SQL\LeetCode2720.sql = SQL\LeetCode2720.sql
		SQL\LeetCode2738.sql = SQL\LeetCode2738.sql
		SQL\LeetCode2752.sql = SQL\LeetCode2752.sql
		SQL\LeetCode2783.sql = SQL\LeetCode2783.sql
		SQL\LeetCode2820.sql = SQL\LeetCode2820.sql
		SQL\LeetCode2837.sql = SQL\LeetCode2837.sql
		SQL\LeetCode2853.sql = SQL\LeetCode2853.sql
		SQL\LeetCode2854.sql = SQL\LeetCode2854.sql
		SQL\LeetCode2893.sql = SQL\LeetCode2893.sql
		SQL\LeetCode2922.sql = SQL\LeetCode2922.sql
		SQL\LeetCode2978.sql = SQL\LeetCode2978.sql
		SQL\LeetCode2984.sql = SQL\LeetCode2984.sql
		SQL\LeetCode2985.sql = SQL\LeetCode2985.sql
		SQL\LeetCode2986.sql = SQL\LeetCode2986.sql
		SQL\LeetCode2987.sql = SQL\LeetCode2987.sql
		SQL\LeetCode2988.sql = SQL\LeetCode2988.sql
		SQL\LeetCode2989.sql = SQL\LeetCode2989.sql
		SQL\LeetCode2990.sql = SQL\LeetCode2990.sql
		SQL\LeetCode2991.sql = SQL\LeetCode2991.sql
		SQL\LeetCode2993.sql = SQL\LeetCode2993.sql
		SQL\LeetCode2994.sql = SQL\LeetCode2994.sql
		SQL\LeetCode2995.sql = SQL\LeetCode2995.sql
		SQL\LeetCode3050.sql = SQL\LeetCode3050.sql
		SQL\LeetCode3051.sql = SQL\LeetCode3051.sql
		SQL\LeetCode3052.sql = SQL\LeetCode3052.sql
		SQL\LeetCode3053.sql = SQL\LeetCode3053.sql
		SQL\LeetCode3054.sql = SQL\LeetCode3054.sql
		SQL\LeetCode3055.sql = SQL\LeetCode3055.sql
		SQL\LeetCode3056.sql = SQL\LeetCode3056.sql
		SQL\LeetCode3057.sql = SQL\LeetCode3057.sql
		SQL\LeetCode3058.sql = SQL\LeetCode3058.sql
		SQL\LeetCode3059.sql = SQL\LeetCode3059.sql
		SQL\LeetCode3060.sql = SQL\LeetCode3060.sql
		SQL\LeetCode3061.sql = SQL\LeetCode3061.sql
		SQL\LeetCode3087.sql = SQL\LeetCode3087.sql
		SQL\LeetCode3089.sql = SQL\LeetCode3089.sql
		SQL\LeetCode3103.sql = SQL\LeetCode3103.sql
		SQL\LeetCode3118.sql = SQL\LeetCode3118.sql
		SQL\LeetCode3124.sql = SQL\LeetCode3124.sql
		SQL\LeetCode3126.sql = SQL\LeetCode3126.sql
		SQL\LeetCode3140.sql = SQL\LeetCode3140.sql
		SQL\LeetCode3150.sql = SQL\LeetCode3150.sql
		SQL\LeetCode3156.sql = SQL\LeetCode3156.sql
		SQL\LeetCode3166.sql = SQL\LeetCode3166.sql
		SQL\LeetCode3172.sql = SQL\LeetCode3172.sql
		SQL\LeetCode3182.sql = SQL\LeetCode3182.sql
		SQL\LeetCode3188.sql = SQL\LeetCode3188.sql
		SQL\LeetCode3198.sql = SQL\LeetCode3198.sql
		SQL\LeetCode3204.sql = SQL\LeetCode3204.sql
		SQL\LeetCode3214.sql = SQL\LeetCode3214.sql
		SQL\LeetCode3220.sql = SQL\LeetCode3220.sql
		SQL\LeetCode3230.sql = SQL\LeetCode3230.sql
		SQL\LeetCode3236.sql = SQL\LeetCode3236.sql
		SQL\LeetCode3246.sql = SQL\LeetCode3246.sql
		SQL\LeetCode3252.sql = SQL\LeetCode3252.sql
		SQL\LeetCode3262.sql = SQL\LeetCode3262.sql
		SQL\LeetCode3268.sql = SQL\LeetCode3268.sql
		SQL\LeetCode3278.sql = SQL\LeetCode3278.sql
		SQL\LeetCode3293.sql = SQL\LeetCode3293.sql
		SQL\LeetCode3308.sql = SQL\LeetCode3308.sql
		SQL\LeetCode3322.sql = SQL\LeetCode3322.sql
		SQL\LeetCode3328.sql = SQL\LeetCode3328.sql
		SQL\LeetCode3338.sql = SQL\LeetCode3338.sql
		SQL\LeetCode3358.sql = SQL\LeetCode3358.sql
		SQL\LeetCode3368.sql = SQL\LeetCode3368.sql
		SQL\LeetCode3374.sql = SQL\LeetCode3374.sql
		SQL\LeetCode3384.sql = SQL\LeetCode3384.sql
		SQL\LeetCode3390.sql = SQL\LeetCode3390.sql
		SQL\LeetCode3401.sql = SQL\LeetCode3401.sql
		SQL\LeetCode3415.sql = SQL\LeetCode3415.sql
		SQL\LeetCode3421.sql = SQL\LeetCode3421.sql
		SQL\LeetCode511.sql = SQL\LeetCode511.sql
		SQL\LeetCode512.sql = SQL\LeetCode512.sql
		SQL\LeetCode534.sql = SQL\LeetCode534.sql
		SQL\LeetCode550.sql = SQL\LeetCode550.sql
		SQL\LeetCode569.sql = SQL\LeetCode569.sql
		SQL\LeetCode570.sql = SQL\LeetCode570.sql
		SQL\LeetCode571.sql = SQL\LeetCode571.sql
		SQL\LeetCode574.sql = SQL\LeetCode574.sql
		SQL\LeetCode577.sql = SQL\LeetCode577.sql
		SQL\LeetCode578.sql = SQL\LeetCode578.sql
		SQL\LeetCode579.sql = SQL\LeetCode579.sql
		SQL\LeetCode580.sql = SQL\LeetCode580.sql
		SQL\LeetCode584.sql = SQL\LeetCode584.sql
		SQL\LeetCode585.sql = SQL\LeetCode585.sql
		SQL\LeetCode586.sql = SQL\LeetCode586.sql
		SQL\LeetCode595.sql = SQL\LeetCode595.sql
		SQL\LeetCode596.sql = SQL\LeetCode596.sql
		SQL\LeetCode597.sql = SQL\LeetCode597.sql
		SQL\LeetCode601.sql = SQL\LeetCode601.sql
		SQL\LeetCode602.sql = SQL\LeetCode602.sql
		SQL\LeetCode603.sql = SQL\LeetCode603.sql
		SQL\LeetCode607.sql = SQL\LeetCode607.sql
		SQL\LeetCode608.sql = SQL\LeetCode608.sql
		SQL\LeetCode610.sql = SQL\LeetCode610.sql
		SQL\LeetCode612.sql = SQL\LeetCode612.sql
		SQL\LeetCode613.sql = SQL\LeetCode613.sql
		SQL\LeetCode614.sql = SQL\LeetCode614.sql
		SQL\LeetCode615.sql = SQL\LeetCode615.sql
		SQL\LeetCode618.sql = SQL\LeetCode618.sql
		SQL\LeetCode619.sql = SQL\LeetCode619.sql
		SQL\LeetCode620.sql = SQL\LeetCode620.sql
		SQL\LeetCode626.sql = SQL\LeetCode626.sql
		SQL\LeetCode627.sql = SQL\LeetCode627.sql
	EndProjectSection
EndProject
Project("{888888A0-9F3D-457C-B088-3A5042F75D52}") = "LeetCodePython", "LeetCodePython\LeetCodePython.pyproj", "{FD176A3C-2AB4-40CF-A074-23A845462690}"
EndProject
Global
	GlobalSection(SolutionConfigurationPlatforms) = preSolution
		Debug|Any CPU = Debug|Any CPU
		Debug|Win32 = Debug|Win32
		Debug|x64 = Debug|x64
		Release|Any CPU = Release|Any CPU
		Release|Win32 = Release|Win32
		Release|x64 = Release|x64
	EndGlobalSection
	GlobalSection(ProjectConfigurationPlatforms) = postSolution
		{D9472CDD-1020-4779-9B12-5E358FD02E30}.Debug|Any CPU.ActiveCfg = Debug|Win32
		{D9472CDD-1020-4779-9B12-5E358FD02E30}.Debug|Any CPU.Build.0 = Debug|Win32
		{D9472CDD-1020-4779-9B12-5E358FD02E30}.Debug|Win32.ActiveCfg = Debug|Win32
		{D9472CDD-1020-4779-9B12-5E358FD02E30}.Debug|Win32.Build.0 = Debug|Win32
		{D9472CDD-1020-4779-9B12-5E358FD02E30}.Debug|x64.ActiveCfg = Debug|Win32
		{D9472CDD-1020-4779-9B12-5E358FD02E30}.Release|Any CPU.ActiveCfg = Release|Win32
		{D9472CDD-1020-4779-9B12-5E358FD02E30}.Release|Win32.ActiveCfg = Release|Win32
		{D9472CDD-1020-4779-9B12-5E358FD02E30}.Release|Win32.Build.0 = Release|Win32
		{D9472CDD-1020-4779-9B12-5E358FD02E30}.Release|x64.ActiveCfg = Release|Win32
		{AA2CDE54-891F-4E1A-AB28-D12FD8373FE6}.Debug|Any CPU.ActiveCfg = Debug|Win32
		{AA2CDE54-891F-4E1A-AB28-D12FD8373FE6}.Debug|Any CPU.Build.0 = Debug|Win32
		{AA2CDE54-891F-4E1A-AB28-D12FD8373FE6}.Debug|Win32.ActiveCfg = Debug|Win32
		{AA2CDE54-891F-4E1A-AB28-D12FD8373FE6}.Debug|Win32.Build.0 = Debug|Win32
		{AA2CDE54-891F-4E1A-AB28-D12FD8373FE6}.Debug|x64.ActiveCfg = Debug|x64
		{AA2CDE54-891F-4E1A-AB28-D12FD8373FE6}.Debug|x64.Build.0 = Debug|x64
		{AA2CDE54-891F-4E1A-AB28-D12FD8373FE6}.Release|Any CPU.ActiveCfg = Release|Win32
		{AA2CDE54-891F-4E1A-AB28-D12FD8373FE6}.Release|Win32.ActiveCfg = Release|Win32
		{AA2CDE54-891F-4E1A-AB28-D12FD8373FE6}.Release|Win32.Build.0 = Release|Win32
		{AA2CDE54-891F-4E1A-AB28-D12FD8373FE6}.Release|x64.ActiveCfg = Release|x64
		{AA2CDE54-891F-4E1A-AB28-D12FD8373FE6}.Release|x64.Build.0 = Release|x64
		{FD176A3C-2AB4-40CF-A074-23A845462690}.Debug|Any CPU.ActiveCfg = Debug|Any CPU
		{FD176A3C-2AB4-40CF-A074-23A845462690}.Debug|Win32.ActiveCfg = Debug|Any CPU
		{FD176A3C-2AB4-40CF-A074-23A845462690}.Debug|x64.ActiveCfg = Debug|Any CPU
		{FD176A3C-2AB4-40CF-A074-23A845462690}.Release|Any CPU.ActiveCfg = Release|Any CPU
		{FD176A3C-2AB4-40CF-A074-23A845462690}.Release|Win32.ActiveCfg = Release|Any CPU
		{FD176A3C-2AB4-40CF-A074-23A845462690}.Release|x64.ActiveCfg = Release|Any CPU
	EndGlobalSection
	GlobalSection(SolutionProperties) = preSolution
		HideSolutionNode = FALSE
	EndGlobalSection
	GlobalSection(ExtensibilityGlobals) = postSolution
		SolutionGuid = {B03E1B38-C27B-4295-83D1-7E1A0F062F9A}
	EndGlobalSection
EndGlobal
