
Microsoft Visual Studio Solution File, Format Version 12.00
# Visual Studio Version 16
VisualStudioVersion = 16.0.30204.135
MinimumVisualStudioVersion = 10.0.40219.1
Project("{8BC9CEB8-8B4A-11D0-8D11-00A0C91BC942}") = "Exercise", "Exercise\Exercise.vcxproj", "{D9472CDD-1020-4779-9B12-5E358FD02E30}"
	ProjectSection(ProjectDependencies) = postProject
		{AA2CDE54-891F-4E1A-AB28-D12FD8373FE6} = {AA2CDE54-891F-4E1A-AB28-D12FD8373FE6}
	EndProjectSection
EndProject
Project("{8BC9CEB8-8B4A-11D0-8D11-00A0C91BC942}") = "LeetCode", "LeetCode\LeetCode.vcxproj", "{AA2CDE54-891F-4E1A-AB28-D12FD8373FE6}"
EndProject
Project("{2150E333-8FDC-42A3-9474-1A3956D46DE8}") = "Solution Items", "Solution Items", "{25F4ACCF-36DB-48F3-805C-BC9D5BED616F}"
EndProject
Project("{2150E333-8FDC-42A3-9474-1A3956D46DE8}") = "SQL", "SQL", "{8497F651-D980-4F7F-BA1B-0F3D59950B04}"
	ProjectSection(SolutionItems) = preProject
		SQL\LeetCode1045.sql = SQL\LeetCode1045.sql
		SQL\LeetCode1050.sql = SQL\LeetCode1050.sql
		SQL\LeetCode1068.sql = SQL\LeetCode1068.sql
		SQL\LeetCode1069.sql = SQL\LeetCode1069.sql
		SQL\LeetCode1070.sql = SQL\LeetCode1070.sql
		SQL\LeetCode1075.sql = SQL\LeetCode1075.sql
		SQL\LeetCode1076.sql = SQL\LeetCode1076.sql
		SQL\LeetCode1077.sql = SQL\LeetCode1077.sql
		SQL\LeetCode1082.sql = SQL\LeetCode1082.sql
		SQL\LeetCode1083.sql = SQL\LeetCode1083.sql
		SQL\LeetCode1084.sql = SQL\LeetCode1084.sql
		SQL\LeetCode1097.sql = SQL\LeetCode1097.sql
		SQL\LeetCode1098.sql = SQL\LeetCode1098.sql
		SQL\LeetCode1107.sql = SQL\LeetCode1107.sql
		SQL\LeetCode1112.sql = SQL\LeetCode1112.sql
		SQL\LeetCode1113.sql = SQL\LeetCode1113.sql
		SQL\LeetCode1126.sql = SQL\LeetCode1126.sql
		SQL\LeetCode1127.sql = SQL\LeetCode1127.sql
		SQL\LeetCode1132.sql = SQL\LeetCode1132.sql
		SQL\LeetCode1141.sql = SQL\LeetCode1141.sql
		SQL\LeetCode1142.sql = SQL\LeetCode1142.sql
		SQL\LeetCode1148.sql = SQL\LeetCode1148.sql
		SQL\LeetCode1149.sql = SQL\LeetCode1149.sql
		SQL\LeetCode1158.sql = SQL\LeetCode1158.sql
		SQL\LeetCode1159.sql = SQL\LeetCode1159.sql
		SQL\LeetCode1164.sql = SQL\LeetCode1164.sql
		SQL\LeetCode1173.sql = SQL\LeetCode1173.sql
		SQL\LeetCode1174.sql = SQL\LeetCode1174.sql
		SQL\LeetCode1179.sql = SQL\LeetCode1179.sql
		SQL\LeetCode1193.sql = SQL\LeetCode1193.sql
		SQL\LeetCode1194.sql = SQL\LeetCode1194.sql
		SQL\LeetCode1204.sql = SQL\LeetCode1204.sql
		SQL\LeetCode1205.sql = SQL\LeetCode1205.sql
		SQL\LeetCode1211.sql = SQL\LeetCode1211.sql
		SQL\LeetCode1212.sql = SQL\LeetCode1212.sql
		SQL\LeetCode1225.sql = SQL\LeetCode1225.sql
		SQL\LeetCode1241.sql = SQL\LeetCode1241.sql
		SQL\LeetCode1251.sql = SQL\LeetCode1251.sql
		SQL\LeetCode1264.sql = SQL\LeetCode1264.sql
		SQL\LeetCode1270.sql = SQL\LeetCode1270.sql
		SQL\LeetCode1280.sql = SQL\LeetCode1280.sql
		SQL\LeetCode1285.sql = SQL\LeetCode1285.sql
		SQL\LeetCode1294.sql = SQL\LeetCode1294.sql
		SQL\LeetCode1303.sql = SQL\LeetCode1303.sql
		SQL\LeetCode1308.sql = SQL\LeetCode1308.sql
		SQL\LeetCode1321.sql = SQL\LeetCode1321.sql
		SQL\LeetCode1322.sql = SQL\LeetCode1322.sql
		SQL\LeetCode1327.sql = SQL\LeetCode1327.sql
		SQL\LeetCode1336.sql = SQL\LeetCode1336.sql
		SQL\LeetCode1341.sql = SQL\LeetCode1341.sql
		SQL\LeetCode1350.sql = SQL\LeetCode1350.sql
		SQL\LeetCode1355.sql = SQL\LeetCode1355.sql
		SQL\LeetCode1364.sql = SQL\LeetCode1364.sql
		SQL\LeetCode1369.sql = SQL\LeetCode1369.sql
		SQL\LeetCode1378.sql = SQL\LeetCode1378.sql
		SQL\LeetCode1384.sql = SQL\LeetCode1384.sql
		SQL\LeetCode1393.sql = SQL\LeetCode1393.sql
		SQL\LeetCode1398.sql = SQL\LeetCode1398.sql
		SQL\LeetCode1407.sql = SQL\LeetCode1407.sql
		SQL\LeetCode1412.sql = SQL\LeetCode1412.sql
		SQL\LeetCode1421.sql = SQL\LeetCode1421.sql
		SQL\LeetCode1435.sql = SQL\LeetCode1435.sql
		SQL\LeetCode1440.sql = SQL\LeetCode1440.sql
		SQL\LeetCode1445.sql = SQL\LeetCode1445.sql
		SQL\LeetCode1454.sql = SQL\LeetCode1454.sql
		SQL\LeetCode1459.sql = SQL\LeetCode1459.sql
		SQL\LeetCode1468.sql = SQL\LeetCode1468.sql
		SQL\LeetCode1479.sql = SQL\LeetCode1479.sql
		SQL\LeetCode1484.sql = SQL\LeetCode1484.sql
		SQL\LeetCode1495.sql = SQL\LeetCode1495.sql
		SQL\LeetCode1501.sql = SQL\LeetCode1501.sql
		SQL\LeetCode1511.sql = SQL\LeetCode1511.sql
		SQL\LeetCode1517.sql = SQL\LeetCode1517.sql
		SQL\LeetCode1527.sql = SQL\LeetCode1527.sql
		SQL\LeetCode1532.sql = SQL\LeetCode1532.sql
		SQL\LeetCode1543.sql = SQL\LeetCode1543.sql
		SQL\LeetCode1549.sql = SQL\LeetCode1549.sql
		SQL\LeetCode1555.sql = SQL\LeetCode1555.sql
		SQL\LeetCode1565.sql = SQL\LeetCode1565.sql
		SQL\LeetCode1571.sql = SQL\LeetCode1571.sql
		SQL\LeetCode1581.sql = SQL\LeetCode1581.sql
		SQL\LeetCode1587.sql = SQL\LeetCode1587.sql
		SQL\LeetCode1596.sql = SQL\LeetCode1596.sql
		SQL\LeetCode1607.sql = SQL\LeetCode1607.sql
		SQL\LeetCode1613.sql = SQL\LeetCode1613.sql
		SQL\LeetCode1623.sql = SQL\LeetCode1623.sql
		SQL\LeetCode1633.sql = SQL\LeetCode1633.sql
		SQL\LeetCode1635.sql = SQL\LeetCode1635.sql
		SQL\LeetCode1645.sql = SQL\LeetCode1645.sql
		SQL\LeetCode175.sql = SQL\LeetCode175.sql
		SQL\LeetCode176.sql = SQL\LeetCode176.sql
		SQL\LeetCode177.sql = SQL\LeetCode177.sql
		SQL\LeetCode178.sql = SQL\LeetCode178.sql
		SQL\LeetCode180.sql = SQL\LeetCode180.sql
		SQL\LeetCode181.sql = SQL\LeetCode181.sql
		SQL\LeetCode182.sql = SQL\LeetCode182.sql
		SQL\LeetCode183.sql = SQL\LeetCode183.sql
		SQL\LeetCode184.sql = SQL\LeetCode184.sql
		SQL\LeetCode185.sql = SQL\LeetCode185.sql
		SQL\LeetCode196.sql = SQL\LeetCode196.sql
		SQL\LeetCode197.sql = SQL\LeetCode197.sql
		SQL\LeetCode262.sql = SQL\LeetCode262.sql
		SQL\LeetCode511.sql = SQL\LeetCode511.sql
		SQL\LeetCode512.sql = SQL\LeetCode512.sql
		SQL\LeetCode534.sql = SQL\LeetCode534.sql
		SQL\LeetCode550.sql = SQL\LeetCode550.sql
		SQL\LeetCode569.sql = SQL\LeetCode569.sql
		SQL\LeetCode570.sql = SQL\LeetCode570.sql
		SQL\LeetCode571.sql = SQL\LeetCode571.sql
		SQL\LeetCode574.sql = SQL\LeetCode574.sql
		SQL\LeetCode577.sql = SQL\LeetCode577.sql
		SQL\LeetCode578.sql = SQL\LeetCode578.sql
		SQL\LeetCode579.sql = SQL\LeetCode579.sql
		SQL\LeetCode580.sql = SQL\LeetCode580.sql
		SQL\LeetCode584.sql = SQL\LeetCode584.sql
		SQL\LeetCode585.sql = SQL\LeetCode585.sql
		SQL\LeetCode586.sql = SQL\LeetCode586.sql
		SQL\LeetCode595.sql = SQL\LeetCode595.sql
		SQL\LeetCode596.sql = SQL\LeetCode596.sql
		SQL\LeetCode597.sql = SQL\LeetCode597.sql
		SQL\LeetCode601.sql = SQL\LeetCode601.sql
		SQL\LeetCode602.sql = SQL\LeetCode602.sql
		SQL\LeetCode603.sql = SQL\LeetCode603.sql
		SQL\LeetCode607.sql = SQL\LeetCode607.sql
		SQL\LeetCode608.sql = SQL\LeetCode608.sql
		SQL\LeetCode610.sql = SQL\LeetCode610.sql
		SQL\LeetCode612.sql = SQL\LeetCode612.sql
		SQL\LeetCode613.sql = SQL\LeetCode613.sql
		SQL\LeetCode614.sql = SQL\LeetCode614.sql
		SQL\LeetCode615.sql = SQL\LeetCode615.sql
		SQL\LeetCode618.sql = SQL\LeetCode618.sql
		SQL\LeetCode619.sql = SQL\LeetCode619.sql
		SQL\LeetCode620.sql = SQL\LeetCode620.sql
		SQL\LeetCode626.sql = SQL\LeetCode626.sql
		SQL\LeetCode627.sql = SQL\LeetCode627.sql
	EndProjectSection
EndProject
Global
	GlobalSection(SolutionConfigurationPlatforms) = preSolution
		Debug|Any CPU = Debug|Any CPU
		Debug|Win32 = Debug|Win32
		Debug|x64 = Debug|x64
		Release|Any CPU = Release|Any CPU
		Release|Win32 = Release|Win32
		Release|x64 = Release|x64
	EndGlobalSection
	GlobalSection(ProjectConfigurationPlatforms) = postSolution
		{D9472CDD-1020-4779-9B12-5E358FD02E30}.Debug|Any CPU.ActiveCfg = Debug|Win32
		{D9472CDD-1020-4779-9B12-5E358FD02E30}.Debug|Win32.ActiveCfg = Debug|Win32
		{D9472CDD-1020-4779-9B12-5E358FD02E30}.Debug|Win32.Build.0 = Debug|Win32
		{D9472CDD-1020-4779-9B12-5E358FD02E30}.Debug|x64.ActiveCfg = Debug|Win32
		{D9472CDD-1020-4779-9B12-5E358FD02E30}.Release|Any CPU.ActiveCfg = Release|Win32
		{D9472CDD-1020-4779-9B12-5E358FD02E30}.Release|Win32.ActiveCfg = Release|Win32
		{D9472CDD-1020-4779-9B12-5E358FD02E30}.Release|Win32.Build.0 = Release|Win32
		{D9472CDD-1020-4779-9B12-5E358FD02E30}.Release|x64.ActiveCfg = Release|Win32
		{AA2CDE54-891F-4E1A-AB28-D12FD8373FE6}.Debug|Any CPU.ActiveCfg = Debug|Win32
		{AA2CDE54-891F-4E1A-AB28-D12FD8373FE6}.Debug|Win32.ActiveCfg = Debug|Win32
		{AA2CDE54-891F-4E1A-AB28-D12FD8373FE6}.Debug|Win32.Build.0 = Debug|Win32
		{AA2CDE54-891F-4E1A-AB28-D12FD8373FE6}.Debug|x64.ActiveCfg = Debug|x64
		{AA2CDE54-891F-4E1A-AB28-D12FD8373FE6}.Debug|x64.Build.0 = Debug|x64
		{AA2CDE54-891F-4E1A-AB28-D12FD8373FE6}.Release|Any CPU.ActiveCfg = Release|Win32
		{AA2CDE54-891F-4E1A-AB28-D12FD8373FE6}.Release|Win32.ActiveCfg = Release|Win32
		{AA2CDE54-891F-4E1A-AB28-D12FD8373FE6}.Release|Win32.Build.0 = Release|Win32
		{AA2CDE54-891F-4E1A-AB28-D12FD8373FE6}.Release|x64.ActiveCfg = Release|x64
		{AA2CDE54-891F-4E1A-AB28-D12FD8373FE6}.Release|x64.Build.0 = Release|x64
	EndGlobalSection
	GlobalSection(SolutionProperties) = preSolution
		HideSolutionNode = FALSE
	EndGlobalSection
	GlobalSection(ExtensibilityGlobals) = postSolution
		SolutionGuid = {B03E1B38-C27B-4295-83D1-7E1A0F062F9A}
	EndGlobalSection
EndGlobal
