<?xml version="1.0" encoding="utf-8"?>
<Project ToolsVersion="4.0" xmlns="http://schemas.microsoft.com/developer/msbuild/2003">
  <ItemGroup>
    <Filter Include="Source Files">
      <UniqueIdentifier>{4FC737F1-C7A5-4376-A066-2A32D752A2FF}</UniqueIdentifier>
      <Extensions>cpp;c;cc;cxx;def;odl;idl;hpj;bat;asm;asmx</Extensions>
    </Filter>
    <Filter Include="Header Files">
      <UniqueIdentifier>{93995380-89BD-4b04-88EB-625FBE52EBFB}</UniqueIdentifier>
      <Extensions>h;hh;hpp;hxx;hm;inl;inc;xsd</Extensions>
    </Filter>
    <Filter Include="Resource Files">
      <UniqueIdentifier>{67DA6AB6-F800-4c08-8B7A-83BB121AAD01}</UniqueIdentifier>
      <Extensions>rc;ico;cur;bmp;dlg;rc2;rct;bin;rgs;gif;jpg;jpeg;jpe;resx;tiff;tif;png;wav;mfcribbon-ms</Extensions>
    </Filter>
    <Filter Include="SQL">
      <UniqueIdentifier>{83bc0d9e-9a9f-4244-ac8a-d390d5e059f6}</UniqueIdentifier>
    </Filter>
  </ItemGroup>
  <ItemGroup>
    <Text Include="ReadMe.txt" />
  </ItemGroup>
  <ItemGroup>
    <ClInclude Include="Leetcode.h">
      <Filter>Header Files</Filter>
    </ClInclude>
    <ClInclude Include="LeetCodeMath.h">
      <Filter>Header Files</Filter>
    </ClInclude>
    <ClInclude Include="LeetCodeDesign.h">
      <Filter>Header Files</Filter>
    </ClInclude>
    <ClInclude Include="LeetCodeDP.h">
      <Filter>Header Files</Filter>
    </ClInclude>
    <ClInclude Include="LeetCodeHashtable.h">
      <Filter>Header Files</Filter>
    </ClInclude>
    <ClInclude Include="LeetCodeStack.h">
      <Filter>Header Files</Filter>
    </ClInclude>
    <ClInclude Include="LeetCodeGraph.h">
      <Filter>Header Files</Filter>
    </ClInclude>
    <ClInclude Include="LeetCodeArray.h">
      <Filter>Header Files</Filter>
    </ClInclude>
    <ClInclude Include="LeetCodeTree.h">
      <Filter>Header Files</Filter>
    </ClInclude>
    <ClInclude Include="LeetCodeSort.h">
      <Filter>Header Files</Filter>
    </ClInclude>
    <ClInclude Include="LeetCodeDFS.h">
      <Filter>Header Files</Filter>
    </ClInclude>
    <ClInclude Include="LeetCodeBFS.h">
      <Filter>Header Files</Filter>
    </ClInclude>
    <ClInclude Include="LeetCodeGreedy.h">
      <Filter>Header Files</Filter>
    </ClInclude>
    <ClInclude Include="LeetCodeString.h">
      <Filter>Header Files</Filter>
    </ClInclude>
    <ClInclude Include="LeetCodeBinarySearch.h">
      <Filter>Header Files</Filter>
    </ClInclude>
    <ClInclude Include="LeetCodeLinkedList.h">
      <Filter>Header Files</Filter>
    </ClInclude>
    <ClInclude Include="LeetCodeUnionFind.h">
      <Filter>Header Files</Filter>
    </ClInclude>
  </ItemGroup>
  <ItemGroup>
    <ClCompile Include="Leetcode.cpp">
      <Filter>Source Files</Filter>
    </ClCompile>
    <ClCompile Include="LeetCodeDP.cpp">
      <Filter>Source Files</Filter>
    </ClCompile>
    <ClCompile Include="LeetCodeBFS.cpp">
      <Filter>Source Files</Filter>
    </ClCompile>
    <ClCompile Include="LeetCodeGraph.cpp">
      <Filter>Source Files</Filter>
    </ClCompile>
    <ClCompile Include="LeetCodeGreedy.cpp">
      <Filter>Source Files</Filter>
    </ClCompile>
    <ClCompile Include="LeetCodeTree.cpp">
      <Filter>Source Files</Filter>
    </ClCompile>
    <ClCompile Include="LeetCodeArray.cpp">
      <Filter>Source Files</Filter>
    </ClCompile>
    <ClCompile Include="LeetCodeHashtable.cpp">
      <Filter>Source Files</Filter>
    </ClCompile>
    <ClCompile Include="LeetCodeSort.cpp">
      <Filter>Source Files</Filter>
    </ClCompile>
    <ClCompile Include="LeetCodeString.cpp">
      <Filter>Source Files</Filter>
    </ClCompile>
    <ClCompile Include="LeetCodeBinarySearch.cpp">
      <Filter>Source Files</Filter>
    </ClCompile>
    <ClCompile Include="LeetCodeLinkedList.cpp">
      <Filter>Source Files</Filter>
    </ClCompile>
    <ClCompile Include="LeetCodeMath.cpp">
      <Filter>Source Files</Filter>
    </ClCompile>
    <ClCompile Include="LeetCodeStack.cpp">
      <Filter>Source Files</Filter>
    </ClCompile>
    <ClCompile Include="LeetCodeTwoPointers.cpp">
      <Filter>Source Files</Filter>
    </ClCompile>
    <ClCompile Include="LeetCodeQueue.cpp">
      <Filter>Source Files</Filter>
    </ClCompile>
    <ClCompile Include="LeetCodeBit.cpp">
      <Filter>Source Files</Filter>
    </ClCompile>
    <ClCompile Include="LeetCodeUnionFind.cpp">
      <Filter>Source Files</Filter>
    </ClCompile>
    <ClCompile Include="LeetCodeDFS.cpp">
      <Filter>Source Files</Filter>
    </ClCompile>
  </ItemGroup>
  <ItemGroup>
    <None Include="LeetCode1068.sql">
      <Filter>SQL</Filter>
    </None>
    <None Include="LeetCode1069.sql">
      <Filter>SQL</Filter>
    </None>
    <None Include="LeetCode1070.sql">
      <Filter>SQL</Filter>
    </None>
    <None Include="LeetCode175.sql">
      <Filter>SQL</Filter>
    </None>
    <None Include="LeetCode176.sql">
      <Filter>SQL</Filter>
    </None>
    <None Include="LeetCode1075.sql">
      <Filter>SQL</Filter>
    </None>
    <None Include="LeetCode1076.sql">
      <Filter>SQL</Filter>
    </None>
    <None Include="LeetCode1077.sql">
      <Filter>SQL</Filter>
    </None>
    <None Include="LeetCode177.sql">
      <Filter>SQL</Filter>
    </None>
    <None Include="LeetCode178.sql">
      <Filter>SQL</Filter>
    </None>
    <None Include="LeetCode185.sql">
      <Filter>SQL</Filter>
    </None>
    <None Include="LeetCode262.sql">
      <Filter>SQL</Filter>
    </None>
    <None Include="LeetCode511.sql">
      <Filter>SQL</Filter>
    </None>
    <None Include="LeetCode512.sql">
      <Filter>SQL</Filter>
    </None>
    <None Include="LeetCode534.sql">
      <Filter>SQL</Filter>
    </None>
    <None Include="LeetCode550.sql">
      <Filter>SQL</Filter>
    </None>
    <None Include="LeetCode569.sql">
      <Filter>SQL</Filter>
    </None>
    <None Include="LeetCode571.sql">
      <Filter>SQL</Filter>
    </None>
    <None Include="LeetCode579.sql">
      <Filter>SQL</Filter>
    </None>
    <None Include="LeetCode1082.sql">
      <Filter>SQL</Filter>
    </None>
    <None Include="LeetCode1083.sql">
      <Filter>SQL</Filter>
    </None>
    <None Include="LeetCode1084.sql">
      <Filter>SQL</Filter>
    </None>
    <None Include="LeetCode1097.sql">
      <Filter>SQL</Filter>
    </None>
    <None Include="LeetCode1141.sql">
      <Filter>SQL</Filter>
    </None>
    <None Include="LeetCode1142.sql">
      <Filter>SQL</Filter>
    </None>
    <None Include="LeetCode601.sql">
      <Filter>SQL</Filter>
    </None>
    <None Include="LeetCode615.sql">
      <Filter>SQL</Filter>
    </None>
    <None Include="LeetCode618.sql">
      <Filter>SQL</Filter>
    </None>
    <None Include="LeetCode1127.sql">
      <Filter>SQL</Filter>
    </None>
    <None Include="LeetCode614.sql">
      <Filter>SQL</Filter>
    </None>
    <None Include="LeetCode1148.sql">
      <Filter>SQL</Filter>
    </None>
    <None Include="LeetCode1149.sql">
      <Filter>SQL</Filter>
    </None>
    <None Include="LeetCode1158.sql">
      <Filter>SQL</Filter>
    </None>
    <None Include="LeetCode1159.sql">
      <Filter>SQL</Filter>
    </None>
    <None Include="LeetCode1173.sql">
      <Filter>SQL</Filter>
    </None>
    <None Include="LeetCode1174.sql">
      <Filter>SQL</Filter>
    </None>
    <None Include="LeetCode1193.sql">
      <Filter>SQL</Filter>
    </None>
    <None Include="LeetCode1194.sql">
      <Filter>SQL</Filter>
    </None>
    <None Include="LeetCode1205.sql">
      <Filter>SQL</Filter>
    </None>
    <None Include="LeetCode1225.sql">
      <Filter>SQL</Filter>
    </None>
    <None Include="LeetCode180.sql">
      <Filter>SQL</Filter>
    </None>
    <None Include="LeetCode184.sql">
      <Filter>SQL</Filter>
    </None>
    <None Include="LeetCode1113.sql">
      <Filter>SQL</Filter>
    </None>
    <None Include="LeetCode1132.sql">
      <Filter>SQL</Filter>
    </None>
    <None Include="LeetCode181.sql">
      <Filter>SQL</Filter>
    </None>
    <None Include="LeetCode578.sql">
      <Filter>SQL</Filter>
    </None>
    <None Include="LeetCode574.sql">
      <Filter>SQL</Filter>
    </None>
    <None Include="LeetCode196.sql">
      <Filter>SQL</Filter>
    </None>
    <None Include="LeetCode182.sql">
      <Filter>SQL</Filter>
    </None>
    <None Include="LeetCode1270.sql">
      <Filter>SQL</Filter>
    </None>
    <None Include="LeetCode183.sql">
      <Filter>SQL</Filter>
    </None>
    <None Include="LeetCode197.sql">
      <Filter>SQL</Filter>
    </None>
    <None Include="LeetCode570.sql">
      <Filter>SQL</Filter>
    </None>
    <None Include="LeetCode577.sql">
      <Filter>SQL</Filter>
    </None>
    <None Include="LeetCode580.sql">
      <Filter>SQL</Filter>
    </None>
    <None Include="LeetCode1280.sql">
      <Filter>SQL</Filter>
    </None>
    <None Include="LeetCode1126.sql">
      <Filter>SQL</Filter>
    </None>
    <None Include="LeetCode584.sql">
      <Filter>SQL</Filter>
    </None>
    <None Include="LeetCode585.sql">
      <Filter>SQL</Filter>
    </None>
    <None Include="LeetCode586.sql">
      <Filter>SQL</Filter>
    </None>
    <None Include="LeetCode597.sql">
      <Filter>SQL</Filter>
    </None>
    <None Include="LeetCode1098.sql">
      <Filter>SQL</Filter>
    </None>
    <None Include="LeetCode1107.sql">
      <Filter>SQL</Filter>
    </None>
    <None Include="LeetCode1112.sql">
      <Filter>SQL</Filter>
    </None>
    <None Include="LeetCode1164.sql">
      <Filter>SQL</Filter>
    </None>
    <None Include="LeetCode1179.sql">
      <Filter>SQL</Filter>
    </None>
    <None Include="LeetCode1204.sql">
      <Filter>SQL</Filter>
    </None>
    <None Include="LeetCode1211.sql">
      <Filter>SQL</Filter>
    </None>
    <None Include="LeetCode1212.sql">
      <Filter>SQL</Filter>
    </None>
    <None Include="LeetCode1241.sql">
      <Filter>SQL</Filter>
    </None>
    <None Include="LeetCode1251.sql">
      <Filter>SQL</Filter>
    </None>
    <None Include="LeetCode1264.sql">
      <Filter>SQL</Filter>
    </None>
    <None Include="LeetCode1285.sql">
      <Filter>SQL</Filter>
    </None>
    <None Include="LeetCode1050.sql">
      <Filter>SQL</Filter>
    </None>
    <None Include="LeetCode1045.sql">
      <Filter>SQL</Filter>
    </None>
    <None Include="LeetCode626.sql">
      <Filter>SQL</Filter>
    </None>
    <None Include="LeetCode620.sql">
      <Filter>SQL</Filter>
    </None>
    <None Include="LeetCode627.sql">
      <Filter>SQL</Filter>
    </None>
    <None Include="LeetCode613.sql">
      <Filter>SQL</Filter>
    </None>
    <None Include="LeetCode612.sql">
      <Filter>SQL</Filter>
    </None>
    <None Include="LeetCode610.sql">
      <Filter>SQL</Filter>
    </None>
    <None Include="LeetCode608.sql">
      <Filter>SQL</Filter>
    </None>
    <None Include="LeetCode595.sql">
      <Filter>SQL</Filter>
    </None>
    <None Include="LeetCode596.sql">
      <Filter>SQL</Filter>
    </None>
    <None Include="LeetCode602.sql">
      <Filter>SQL</Filter>
    </None>
    <None Include="LeetCode603.sql">
      <Filter>SQL</Filter>
    </None>
    <None Include="LeetCode607.sql">
      <Filter>SQL</Filter>
    </None>
    <None Include="LeetCode1294.sql">
      <Filter>SQL</Filter>
    </None>
    <None Include="LeetCode619.sql">
      <Filter>SQL</Filter>
    </None>
    <None Include="LeetCode1303.sql">
      <Filter>SQL</Filter>
    </None>
    <None Include="LeetCode1308.sql">
      <Filter>SQL</Filter>
    </None>
    <None Include="LeetCode1321.sql">
      <Filter>SQL</Filter>
    </None>
    <None Include="LeetCode1327.sql">
      <Filter>SQL</Filter>
    </None>
    <None Include="LeetCode1336.sql">
      <Filter>SQL</Filter>
    </None>
    <None Include="LeetCode1341.sql">
      <Filter>SQL</Filter>
    </None>
  </ItemGroup>
</Project>